
Microsoft Visual Studio Solution File, Format Version 12.00
# Visual Studio Version 17
VisualStudioVersion = 17.5.002.0
MinimumVisualStudioVersion = 10.0.40219.1
Project("{9A19103F-16F7-4668-BE54-9A1E7A4F7556}") = "BookManagementAPI", "BookManagementAPI.csproj", "{C1C9D669-7FBE-4861-A3EC-00201FB9EEF9}"
EndProject
Global
	GlobalSection(SolutionConfigurationPlatforms) = preSolution
		Debug|Any CPU = Debug|Any CPU
		Release|Any CPU = Release|Any CPU
	EndGlobalSection
	GlobalSection(ProjectConfigurationPlatforms) = postSolution
		{C1C9D669-7FBE-4861-A3EC-00201FB9EEF9}.Debug|Any CPU.ActiveCfg = Debug|Any CPU
		{C1C9D669-7FBE-4861-A3EC-00201FB9EEF9}.Debug|Any CPU.Build.0 = Debug|Any CPU
		{C1C9D669-7FBE-4861-A3EC-00201FB9EEF9}.Release|Any CPU.ActiveCfg = Release|Any CPU
		{C1C9D669-7FBE-4861-A3EC-00201FB9EEF9}.Release|Any CPU.Build.0 = Release|Any CPU
	EndGlobalSection
	GlobalSection(SolutionProperties) = preSolution
		HideSolutionNode = FALSE
	EndGlobalSection
	GlobalSection(ExtensibilityGlobals) = postSolution
		SolutionGuid = {42F680CD-C510-41EC-93AE-B663F320A4E6}
	EndGlobalSection
EndGlobal
